
Microsoft Visual Studio Solution File, Format Version 12.00
# Visual Studio 2013
VisualStudioVersion = 12.0.40629.0
MinimumVisualStudioVersion = 10.0.40219.1
Project("{FAE04EC0-301F-11D3-BF4B-00C04F79EFBC}") = "FontConverterCommon", "FontConverterCommon\FontConverterCommon.csproj", "{C1815AB5-1F74-46B5-87AE-E88B5C355A46}"
EndProject
Project("{FAE04EC0-301F-11D3-BF4B-00C04F79EFBC}") = "ctr_FontConverterConsole", "ctr_FontConverterConsole\ctr_FontConverterConsole.csproj", "{90EFABA8-130C-48DD-AD9D-1844CCEDDC46}"
	ProjectSection(ProjectDependencies) = postProject
		{C1815AB5-1F74-46B5-87AE-E88B5C355A46} = {C1815AB5-1F74-46B5-87AE-E88B5C355A46}
	EndProjectSection
EndProject
Project("{FAE04EC0-301F-11D3-BF4B-00C04F79EFBC}") = "ctr_FontConverter", "ctr_FontConverter\ctr_FontConverter.csproj", "{08AB875D-95D2-48B5-909B-176172054CD9}"
	ProjectSection(ProjectDependencies) = postProject
		{C1815AB5-1F74-46B5-87AE-E88B5C355A46} = {C1815AB5-1F74-46B5-87AE-E88B5C355A46}
	EndProjectSection
EndProject
Global
	GlobalSection(SolutionConfigurationPlatforms) = preSolution
		Debug|Any CPU = Debug|Any CPU
		Release|Any CPU = Release|Any CPU
	EndGlobalSection
	GlobalSection(ProjectConfigurationPlatforms) = postSolution
		{C1815AB5-1F74-46B5-87AE-E88B5C355A46}.Debug|Any CPU.ActiveCfg = Debug|Any CPU
		{C1815AB5-1F74-46B5-87AE-E88B5C355A46}.Debug|Any CPU.Build.0 = Debug|Any CPU
		{C1815AB5-1F74-46B5-87AE-E88B5C355A46}.Release|Any CPU.ActiveCfg = Release|Any CPU
		{C1815AB5-1F74-46B5-87AE-E88B5C355A46}.Release|Any CPU.Build.0 = Release|Any CPU
		{90EFABA8-130C-48DD-AD9D-1844CCEDDC46}.Debug|Any CPU.ActiveCfg = Debug|Any CPU
		{90EFABA8-130C-48DD-AD9D-1844CCEDDC46}.Debug|Any CPU.Build.0 = Debug|Any CPU
		{90EFABA8-130C-48DD-AD9D-1844CCEDDC46}.Release|Any CPU.ActiveCfg = Release|Any CPU
		{90EFABA8-130C-48DD-AD9D-1844CCEDDC46}.Release|Any CPU.Build.0 = Release|Any CPU
		{08AB875D-95D2-48B5-909B-176172054CD9}.Debug|Any CPU.ActiveCfg = Debug|Any CPU
		{08AB875D-95D2-48B5-909B-176172054CD9}.Debug|Any CPU.Build.0 = Debug|Any CPU
		{08AB875D-95D2-48B5-909B-176172054CD9}.Release|Any CPU.ActiveCfg = Release|Any CPU
		{08AB875D-95D2-48B5-909B-176172054CD9}.Release|Any CPU.Build.0 = Release|Any CPU
	EndGlobalSection
	GlobalSection(SolutionProperties) = preSolution
		HideSolutionNode = FALSE
	EndGlobalSection
EndGlobal
